<?xml version="1.0" encoding="utf-8"?>
<Project ToolsVersion="4.0" xmlns="http://schemas.microsoft.com/developer/msbuild/2003">
  <ItemGroup>
    <Filter Include="Sources">
      <UniqueIdentifier>{4FC737F1-C7A5-4376-A066-2A32D752A2FF}</UniqueIdentifier>
      <Extensions>cpp;c;cc;cxx;def;odl;idl;hpj;bat;asm;asmx</Extensions>
    </Filter>
    <Filter Include="Headers">
      <UniqueIdentifier>{93995380-89BD-4b04-88EB-625FBE52EBFB}</UniqueIdentifier>
      <Extensions>h;hpp;hxx;hm;inl;inc;xsd</Extensions>
    </Filter>
    <Filter Include="Sources\Shared">
      <UniqueIdentifier>{a1b2c3d4-e5f6-7890-abcd-ef0123456789}</UniqueIdentifier>
    </Filter>
  </ItemGroup>
  <ItemGroup>
    <ClCompile Include="main.cpp">
      <Filter>Sources</Filter>
    </ClCompile>
    <ClCompile Include="pch.cpp">
      <Filter>Sources</Filter>
    </ClCompile>
    <ClCompile Include="tier1_helpers.cpp">
      <Filter>Sources</Filter>
    </ClCompile>
    <ClCompile Include="tier2_config.cpp">
      <Filter>Sources</Filter>
    </ClCompile>
    <ClCompile Include="tier3_paths.cpp">
      <Filter>Sources</Filter>
    </ClCompile>
    <ClCompile Include="tier4_extractions.cpp">
      <Filter>Sources</Filter>
    </ClCompile>
    <ClCompile Include="..\EdgeViewer\Globals.cpp">
      <Filter>Sources\Shared</Filter>
    </ClCompile>
    <ClCompile Include="..\EdgeViewer\Navigator.cpp">
      <Filter>Sources\Shared</Filter>
    </ClCompile>
    <ClCompile Include="..\EdgeViewer\WlxDetect.cpp">
      <Filter>Sources\Shared</Filter>
    </ClCompile>
    <ClCompile Include="..\EdgeViewer\ZoomHotkey.cpp">
      <Filter>Sources\Shared</Filter>
    </ClCompile>
    <ClCompile Include="..\EdgeViewer\Processors\ProcessorInterface.cpp">
      <Filter>Sources\Shared</Filter>
    </ClCompile>
    <ClCompile Include="..\EdgeViewer\Processors\ProcessorRegistry.cpp">
      <Filter>Sources\Shared</Filter>
    </ClCompile>
    <ClCompile Include="..\EdgeViewer\Processors\HtmlProcessor.cpp">
      <Filter>Sources\Shared</Filter>
    </ClCompile>
    <ClCompile Include="..\EdgeViewer\Processors\DirProcessor.cpp">
      <Filter>Sources\Shared</Filter>
    </ClCompile>
  </ItemGroup>
  <ItemGroup>
    <ClInclude Include="pch.h">
      <Filter>Headers</Filter>
    </ClInclude>
    <ClInclude Include="TestHelpers\IniBuilder.h">
      <Filter>Headers</Filter>
    </ClInclude>
    <ClInclude Include="TestHelpers\TempDir.h">
      <Filter>Headers</Filter>
    </ClInclude>
  </ItemGroup>
</Project>