<?xml version="1.0" encoding="utf-8"?>
<Project ToolsVersion="4.0" xmlns="http://schemas.microsoft.com/developer/msbuild/2003">
  <ItemGroup>
    <Filter Include="Sources">
      <UniqueIdentifier>{4FC737F1-C7A5-4376-A066-2A32D752A2FF}</UniqueIdentifier>
      <Extensions>cpp;c;cc;cxx;def;odl;idl;hpj;bat;asm;asmx</Extensions>
    </Filter>
    <Filter Include="Headers">
      <UniqueIdentifier>{93995380-89BD-4b04-88EB-625FBE52EBFB}</UniqueIdentifier>
      <Extensions>h;hpp;hxx;hm;inl;inc;xsd</Extensions>
    </Filter>
    <Filter Include="Headers\Processors">
      <UniqueIdentifier>{ceca9396-0d27-4600-b386-d1983c346e15}</UniqueIdentifier>
    </Filter>
    <Filter Include="Sources\Processors">
      <UniqueIdentifier>{53d440c9-55b5-43be-b3ce-d6f80125c512}</UniqueIdentifier>
    </Filter>
  </ItemGroup>
  <ItemGroup>
    <ClCompile Include="DllMain.cpp">
      <Filter>Sources</Filter>
    </ClCompile>
    <ClCompile Include="Navigator.cpp">
      <Filter>Sources</Filter>
    </ClCompile>
    <ClCompile Include="EdgeLister.cpp">
      <Filter>Sources</Filter>
    </ClCompile>
    <ClCompile Include="Globals.cpp">
      <Filter>Sources</Filter>
    </ClCompile>
    <ClCompile Include="Processors\AdocProcessor.cpp">
      <Filter>Sources\Processors</Filter>
    </ClCompile>
    <ClCompile Include="Processors\ProcessorInterface.cpp">
      <Filter>Sources\Processors</Filter>
    </ClCompile>
    <ClCompile Include="Processors\MdProcessor.cpp">
      <Filter>Sources\Processors</Filter>
    </ClCompile>
    <ClCompile Include="Processors\HtmlProcessor.cpp">
      <Filter>Sources\Processors</Filter>
    </ClCompile>
    <ClCompile Include="Processors\ProcessorRegistry.cpp">
      <Filter>Sources\Processors</Filter>
    </ClCompile>
    <ClCompile Include="Processors\UrlProcessor.cpp">
      <Filter>Sources\Processors</Filter>
    </ClCompile>
  </ItemGroup>
  <ItemGroup>
    <ClInclude Include="Globals.h">
      <Filter>Headers</Filter>
    </ClInclude>
    <ClInclude Include="Navigator.h">
      <Filter>Headers</Filter>
    </ClInclude>
    <ClInclude Include="EdgeLister.h">
      <Filter>Headers</Filter>
    </ClInclude>
    <ClInclude Include="Processors\ProcessorInterface.h">
      <Filter>Headers\Processors</Filter>
    </ClInclude>
    <ClInclude Include="Processors\AdocProcessor.h">
      <Filter>Headers\Processors</Filter>
    </ClInclude>
    <ClInclude Include="Processors\MdProcessor.h">
      <Filter>Headers\Processors</Filter>
    </ClInclude>
    <ClInclude Include="Processors\HtmlProcessor.h">
      <Filter>Headers\Processors</Filter>
    </ClInclude>
    <ClInclude Include="Processors\ProcessorRegistry.h">
      <Filter>Headers\Processors</Filter>
    </ClInclude>
    <ClInclude Include="Processors\UrlProcessor.h">
      <Filter>Headers\Processors</Filter>
    </ClInclude>
  </ItemGroup>
  <ItemGroup>
    <None Include="EdgeViewer.def">
      <Filter>Sources</Filter>
    </None>
  </ItemGroup>
</Project>